
Microsoft Visual Studio Solution File, Format Version 12.00
# Visual Studio Version 17
VisualStudioVersion = 17.13.35825.156 d17.13
MinimumVisualStudioVersion = 10.0.40219.1
Project("{FAE04EC0-301F-11D3-BF4B-00C04F79EFBC}") = "Joku", "Joku.csproj", "{90698054-C558-49FB-936C-A4CFD718808D}"
EndProject
Global
	GlobalSection(SolutionConfigurationPlatforms) = preSolution
		Debug|Any CPU = Debug|Any CPU
		Release|Any CPU = Release|Any CPU
	EndGlobalSection
	GlobalSection(ProjectConfigurationPlatforms) = postSolution
		{90698054-C558-49FB-936C-A4CFD718808D}.Debug|Any CPU.ActiveCfg = Debug|Any CPU
		{90698054-C558-49FB-936C-A4CFD718808D}.Debug|Any CPU.Build.0 = Debug|Any CPU
		{90698054-C558-49FB-936C-A4CFD718808D}.Debug|Any CPU.Deploy.0 = Debug|Any CPU
		{90698054-C558-49FB-936C-A4CFD718808D}.Release|Any CPU.ActiveCfg = Release|Any CPU
		{90698054-C558-49FB-936C-A4CFD718808D}.Release|Any CPU.Build.0 = Release|Any CPU
		{90698054-C558-49FB-936C-A4CFD718808D}.Release|Any CPU.Deploy.0 = Release|Any CPU
	EndGlobalSection
	GlobalSection(SolutionProperties) = preSolution
		HideSolutionNode = FALSE
	EndGlobalSection
	GlobalSection(ExtensibilityGlobals) = postSolution
		SolutionGuid = {09682F3F-BA7D-4D94-80FF-BA3D31DC6186}
	EndGlobalSection
EndGlobal
